
Microsoft Visual Studio Solution File, Format Version 12.00
# Visual Studio 2015
Project("{FAE04EC0-301F-11D3-BF4B-00C04F79EFBC}") = "SunriseKingdomJames", "SunriseKingdomJames.csproj", "{472B28DD-47EF-23C2-C77D-B1AA3E2F5266}"
EndProject
Project("{FAE04EC0-301F-11D3-BF4B-00C04F79EFBC}") = "SunriseKingdomJames.Editor", "SunriseKingdomJames.Editor.csproj", "{A7D076BF-9445-2384-1D77-F8D38DD40AC6}"
EndProject
Global
	GlobalSection(SolutionConfigurationPlatforms) = preSolution
		Debug|Any CPU = Debug|Any CPU
		Release|Any CPU = Release|Any CPU
	EndGlobalSection
	GlobalSection(ProjectConfigurationPlatforms) = postSolution
		{472B28DD-47EF-23C2-C77D-B1AA3E2F5266}.Debug|Any CPU.ActiveCfg = Debug|Any CPU
		{472B28DD-47EF-23C2-C77D-B1AA3E2F5266}.Debug|Any CPU.Build.0 = Debug|Any CPU
		{472B28DD-47EF-23C2-C77D-B1AA3E2F5266}.Release|Any CPU.ActiveCfg = Release|Any CPU
		{472B28DD-47EF-23C2-C77D-B1AA3E2F5266}.Release|Any CPU.Build.0 = Release|Any CPU
		{A7D076BF-9445-2384-1D77-F8D38DD40AC6}.Debug|Any CPU.ActiveCfg = Debug|Any CPU
		{A7D076BF-9445-2384-1D77-F8D38DD40AC6}.Debug|Any CPU.Build.0 = Debug|Any CPU
		{A7D076BF-9445-2384-1D77-F8D38DD40AC6}.Release|Any CPU.ActiveCfg = Release|Any CPU
		{A7D076BF-9445-2384-1D77-F8D38DD40AC6}.Release|Any CPU.Build.0 = Release|Any CPU
	EndGlobalSection
	GlobalSection(SolutionProperties) = preSolution
		HideSolutionNode = FALSE
	EndGlobalSection
EndGlobal
