
Microsoft Visual Studio Solution File, Format Version 12.00
# Visual Studio 2015
Project("{FAE04EC0-301F-11D3-BF4B-00C04F79EFBC}") = "SunriseKingdom.CSharp.Plugins", "SunriseKingdom.CSharp.Plugins.csproj", "{DBE580E9-7253-6C83-4331-1858896AC334}"
EndProject
Project("{FAE04EC0-301F-11D3-BF4B-00C04F79EFBC}") = "SunriseKingdom.CSharp", "SunriseKingdom.CSharp.csproj", "{2CA23473-6E19-7003-C53B-0EA4E9789656}"
EndProject
Project("{FAE04EC0-301F-11D3-BF4B-00C04F79EFBC}") = "SunriseKingdom.CSharp.Editor.Plugins", "SunriseKingdom.CSharp.Editor.Plugins.csproj", "{F6B779A9-8B9A-B298-B2F2-819033986B67}"
EndProject
Project("{FAE04EC0-301F-11D3-BF4B-00C04F79EFBC}") = "SunriseKingdom.CSharp.Editor", "SunriseKingdom.CSharp.Editor.csproj", "{609C058E-EDC0-FD13-E5E8-24DA416727EB}"
EndProject
Global
	GlobalSection(SolutionConfigurationPlatforms) = preSolution
		Debug|Any CPU = Debug|Any CPU
		Release|Any CPU = Release|Any CPU
	EndGlobalSection
	GlobalSection(ProjectConfigurationPlatforms) = postSolution
		{DBE580E9-7253-6C83-4331-1858896AC334}.Debug|Any CPU.ActiveCfg = Debug|Any CPU
		{DBE580E9-7253-6C83-4331-1858896AC334}.Debug|Any CPU.Build.0 = Debug|Any CPU
		{DBE580E9-7253-6C83-4331-1858896AC334}.Release|Any CPU.ActiveCfg = Release|Any CPU
		{DBE580E9-7253-6C83-4331-1858896AC334}.Release|Any CPU.Build.0 = Release|Any CPU
		{2CA23473-6E19-7003-C53B-0EA4E9789656}.Debug|Any CPU.ActiveCfg = Debug|Any CPU
		{2CA23473-6E19-7003-C53B-0EA4E9789656}.Debug|Any CPU.Build.0 = Debug|Any CPU
		{2CA23473-6E19-7003-C53B-0EA4E9789656}.Release|Any CPU.ActiveCfg = Release|Any CPU
		{2CA23473-6E19-7003-C53B-0EA4E9789656}.Release|Any CPU.Build.0 = Release|Any CPU
		{F6B779A9-8B9A-B298-B2F2-819033986B67}.Debug|Any CPU.ActiveCfg = Debug|Any CPU
		{F6B779A9-8B9A-B298-B2F2-819033986B67}.Debug|Any CPU.Build.0 = Debug|Any CPU
		{F6B779A9-8B9A-B298-B2F2-819033986B67}.Release|Any CPU.ActiveCfg = Release|Any CPU
		{F6B779A9-8B9A-B298-B2F2-819033986B67}.Release|Any CPU.Build.0 = Release|Any CPU
		{609C058E-EDC0-FD13-E5E8-24DA416727EB}.Debug|Any CPU.ActiveCfg = Debug|Any CPU
		{609C058E-EDC0-FD13-E5E8-24DA416727EB}.Debug|Any CPU.Build.0 = Debug|Any CPU
		{609C058E-EDC0-FD13-E5E8-24DA416727EB}.Release|Any CPU.ActiveCfg = Release|Any CPU
		{609C058E-EDC0-FD13-E5E8-24DA416727EB}.Release|Any CPU.Build.0 = Release|Any CPU
	EndGlobalSection
	GlobalSection(SolutionProperties) = preSolution
		HideSolutionNode = FALSE
	EndGlobalSection
EndGlobal
