
Microsoft Visual Studio Solution File, Format Version 12.00
# Visual Studio 2015
Project("{FAE04EC0-301F-11D3-BF4B-00C04F79EFBC}") = "SunriseKingdom.Plugins", "SunriseKingdom.Plugins.csproj", "{3D96785A-0809-0847-EDA9-7160943EC622}"
EndProject
Project("{FAE04EC0-301F-11D3-BF4B-00C04F79EFBC}") = "SunriseKingdom", "SunriseKingdom.csproj", "{BD0508AB-219C-E1E2-5E85-4F966A0C241D}"
EndProject
Project("{FAE04EC0-301F-11D3-BF4B-00C04F79EFBC}") = "SunriseKingdom.Editor.Plugins", "SunriseKingdom.Editor.Plugins.csproj", "{2BC469A1-AD09-3A1D-27D2-CCBCA0203641}"
EndProject
Project("{FAE04EC0-301F-11D3-BF4B-00C04F79EFBC}") = "SunriseKingdom.Editor", "SunriseKingdom.Editor.csproj", "{8386310F-354D-14E5-F447-ED9BCA5F92CF}"
EndProject
Global
	GlobalSection(SolutionConfigurationPlatforms) = preSolution
		Debug|Any CPU = Debug|Any CPU
		Release|Any CPU = Release|Any CPU
	EndGlobalSection
	GlobalSection(ProjectConfigurationPlatforms) = postSolution
		{3D96785A-0809-0847-EDA9-7160943EC622}.Debug|Any CPU.ActiveCfg = Debug|Any CPU
		{3D96785A-0809-0847-EDA9-7160943EC622}.Debug|Any CPU.Build.0 = Debug|Any CPU
		{3D96785A-0809-0847-EDA9-7160943EC622}.Release|Any CPU.ActiveCfg = Release|Any CPU
		{3D96785A-0809-0847-EDA9-7160943EC622}.Release|Any CPU.Build.0 = Release|Any CPU
		{BD0508AB-219C-E1E2-5E85-4F966A0C241D}.Debug|Any CPU.ActiveCfg = Debug|Any CPU
		{BD0508AB-219C-E1E2-5E85-4F966A0C241D}.Debug|Any CPU.Build.0 = Debug|Any CPU
		{BD0508AB-219C-E1E2-5E85-4F966A0C241D}.Release|Any CPU.ActiveCfg = Release|Any CPU
		{BD0508AB-219C-E1E2-5E85-4F966A0C241D}.Release|Any CPU.Build.0 = Release|Any CPU
		{2BC469A1-AD09-3A1D-27D2-CCBCA0203641}.Debug|Any CPU.ActiveCfg = Debug|Any CPU
		{2BC469A1-AD09-3A1D-27D2-CCBCA0203641}.Debug|Any CPU.Build.0 = Debug|Any CPU
		{2BC469A1-AD09-3A1D-27D2-CCBCA0203641}.Release|Any CPU.ActiveCfg = Release|Any CPU
		{2BC469A1-AD09-3A1D-27D2-CCBCA0203641}.Release|Any CPU.Build.0 = Release|Any CPU
		{8386310F-354D-14E5-F447-ED9BCA5F92CF}.Debug|Any CPU.ActiveCfg = Debug|Any CPU
		{8386310F-354D-14E5-F447-ED9BCA5F92CF}.Debug|Any CPU.Build.0 = Debug|Any CPU
		{8386310F-354D-14E5-F447-ED9BCA5F92CF}.Release|Any CPU.ActiveCfg = Release|Any CPU
		{8386310F-354D-14E5-F447-ED9BCA5F92CF}.Release|Any CPU.Build.0 = Release|Any CPU
	EndGlobalSection
	GlobalSection(SolutionProperties) = preSolution
		HideSolutionNode = FALSE
	EndGlobalSection
EndGlobal
