
Microsoft Visual Studio Solution File, Format Version 12.00
# Visual Studio 2015
Project("{FAE04EC0-301F-11D3-BF4B-00C04F79EFBC}") = "SunriseKingdom5.6", "SunriseKingdom5.6.csproj", "{B6FB9F11-0518-C3FE-FE44-4341C88715A7}"
EndProject
Global
	GlobalSection(SolutionConfigurationPlatforms) = preSolution
		Debug|Any CPU = Debug|Any CPU
		Release|Any CPU = Release|Any CPU
	EndGlobalSection
	GlobalSection(ProjectConfigurationPlatforms) = postSolution
		{B6FB9F11-0518-C3FE-FE44-4341C88715A7}.Debug|Any CPU.ActiveCfg = Debug|Any CPU
		{B6FB9F11-0518-C3FE-FE44-4341C88715A7}.Debug|Any CPU.Build.0 = Debug|Any CPU
		{B6FB9F11-0518-C3FE-FE44-4341C88715A7}.Release|Any CPU.ActiveCfg = Release|Any CPU
		{B6FB9F11-0518-C3FE-FE44-4341C88715A7}.Release|Any CPU.Build.0 = Release|Any CPU
	EndGlobalSection
	GlobalSection(SolutionProperties) = preSolution
		HideSolutionNode = FALSE
	EndGlobalSection
EndGlobal
